
Microsoft Visual Studio Solution File, Format Version 12.00
# Visual Studio 14
VisualStudioVersion = 14.0.24720.0
MinimumVisualStudioVersion = 10.0.40219.1
Project("{FAE04EC0-301F-11D3-BF4B-00C04F79EFBC}") = "Acme.Biz", "Acme.Biz\Acme.Biz.csproj", "{99AFAF8D-D787-4C4A-9A0E-0D882CC5BBF6}"
EndProject
Project("{FAE04EC0-301F-11D3-BF4B-00C04F79EFBC}") = "Acme.BizTests", "Acme.BizTests\Acme.BizTests.csproj", "{E039D6A0-E78D-4C47-B557-642EF8A01B3E}"
EndProject
Project("{FAE04EC0-301F-11D3-BF4B-00C04F79EFBC}") = "Acme.Common", "Acme.Common\Acme.Common.csproj", "{0ED069A3-3821-4B20-A29B-A9CDC393C362}"
EndProject
Project("{FAE04EC0-301F-11D3-BF4B-00C04F79EFBC}") = "Acme.CommonTests", "Acme.CommonTests\Acme.CommonTests.csproj", "{4B5F7DDF-0C49-405F-B1C3-7459937143A9}"
EndProject
Global
	GlobalSection(SolutionConfigurationPlatforms) = preSolution
		Debug|Any CPU = Debug|Any CPU
		Release|Any CPU = Release|Any CPU
	EndGlobalSection
	GlobalSection(ProjectConfigurationPlatforms) = postSolution
		{99AFAF8D-D787-4C4A-9A0E-0D882CC5BBF6}.Debug|Any CPU.ActiveCfg = Debug|Any CPU
		{99AFAF8D-D787-4C4A-9A0E-0D882CC5BBF6}.Debug|Any CPU.Build.0 = Debug|Any CPU
		{99AFAF8D-D787-4C4A-9A0E-0D882CC5BBF6}.Release|Any CPU.ActiveCfg = Release|Any CPU
		{99AFAF8D-D787-4C4A-9A0E-0D882CC5BBF6}.Release|Any CPU.Build.0 = Release|Any CPU
		{E039D6A0-E78D-4C47-B557-642EF8A01B3E}.Debug|Any CPU.ActiveCfg = Debug|Any CPU
		{E039D6A0-E78D-4C47-B557-642EF8A01B3E}.Debug|Any CPU.Build.0 = Debug|Any CPU
		{E039D6A0-E78D-4C47-B557-642EF8A01B3E}.Release|Any CPU.ActiveCfg = Release|Any CPU
		{E039D6A0-E78D-4C47-B557-642EF8A01B3E}.Release|Any CPU.Build.0 = Release|Any CPU
		{0ED069A3-3821-4B20-A29B-A9CDC393C362}.Debug|Any CPU.ActiveCfg = Debug|Any CPU
		{0ED069A3-3821-4B20-A29B-A9CDC393C362}.Debug|Any CPU.Build.0 = Debug|Any CPU
		{0ED069A3-3821-4B20-A29B-A9CDC393C362}.Release|Any CPU.ActiveCfg = Release|Any CPU
		{0ED069A3-3821-4B20-A29B-A9CDC393C362}.Release|Any CPU.Build.0 = Release|Any CPU
		{4B5F7DDF-0C49-405F-B1C3-7459937143A9}.Debug|Any CPU.ActiveCfg = Debug|Any CPU
		{4B5F7DDF-0C49-405F-B1C3-7459937143A9}.Debug|Any CPU.Build.0 = Debug|Any CPU
		{4B5F7DDF-0C49-405F-B1C3-7459937143A9}.Release|Any CPU.ActiveCfg = Release|Any CPU
		{4B5F7DDF-0C49-405F-B1C3-7459937143A9}.Release|Any CPU.Build.0 = Release|Any CPU
	EndGlobalSection
	GlobalSection(SolutionProperties) = preSolution
		HideSolutionNode = FALSE
	EndGlobalSection
EndGlobal
